
Microsoft Visual Studio Solution File, Format Version 12.00
# Visual Studio Version 17
VisualStudioVersion = 17.14.36327.8
MinimumVisualStudioVersion = 10.0.40219.1
Project("{FAE04EC0-301F-11D3-BF4B-00C04F79EFBC}") = "MAP2A1HotelHeavens", "MAP2A1HotelHeavens\MAP2A1HotelHeavens.csproj", "{94D5123A-96C6-4E9E-8D47-57E3CC58CD92}"
EndProject
Project("{FAE04EC0-301F-11D3-BF4B-00C04F79EFBC}") = "Capa Entidad", "Capa Entidad\Capa Entidad.csproj", "{26C350CD-F1EF-47BA-A0CE-DC20DFA1F2AF}"
EndProject
Project("{FAE04EC0-301F-11D3-BF4B-00C04F79EFBC}") = "Capa Datos", "Capa Datos\Capa Datos.csproj", "{8797477E-E9AB-4AE6-9E7F-3B9F22A13753}"
EndProject
Project("{FAE04EC0-301F-11D3-BF4B-00C04F79EFBC}") = "Capa Negocio", "Capa Negocio\Capa Negocio.csproj", "{667B2D3B-AAE5-4887-930E-DDA2A95165F6}"
EndProject
Global
	GlobalSection(SolutionConfigurationPlatforms) = preSolution
		Debug|Any CPU = Debug|Any CPU
		Release|Any CPU = Release|Any CPU
	EndGlobalSection
	GlobalSection(ProjectConfigurationPlatforms) = postSolution
		{94D5123A-96C6-4E9E-8D47-57E3CC58CD92}.Debug|Any CPU.ActiveCfg = Debug|Any CPU
		{94D5123A-96C6-4E9E-8D47-57E3CC58CD92}.Debug|Any CPU.Build.0 = Debug|Any CPU
		{94D5123A-96C6-4E9E-8D47-57E3CC58CD92}.Release|Any CPU.ActiveCfg = Release|Any CPU
		{94D5123A-96C6-4E9E-8D47-57E3CC58CD92}.Release|Any CPU.Build.0 = Release|Any CPU
		{26C350CD-F1EF-47BA-A0CE-DC20DFA1F2AF}.Debug|Any CPU.ActiveCfg = Debug|Any CPU
		{26C350CD-F1EF-47BA-A0CE-DC20DFA1F2AF}.Debug|Any CPU.Build.0 = Debug|Any CPU
		{26C350CD-F1EF-47BA-A0CE-DC20DFA1F2AF}.Release|Any CPU.ActiveCfg = Release|Any CPU
		{26C350CD-F1EF-47BA-A0CE-DC20DFA1F2AF}.Release|Any CPU.Build.0 = Release|Any CPU
		{8797477E-E9AB-4AE6-9E7F-3B9F22A13753}.Debug|Any CPU.ActiveCfg = Debug|Any CPU
		{8797477E-E9AB-4AE6-9E7F-3B9F22A13753}.Debug|Any CPU.Build.0 = Debug|Any CPU
		{8797477E-E9AB-4AE6-9E7F-3B9F22A13753}.Release|Any CPU.ActiveCfg = Release|Any CPU
		{8797477E-E9AB-4AE6-9E7F-3B9F22A13753}.Release|Any CPU.Build.0 = Release|Any CPU
		{667B2D3B-AAE5-4887-930E-DDA2A95165F6}.Debug|Any CPU.ActiveCfg = Debug|Any CPU
		{667B2D3B-AAE5-4887-930E-DDA2A95165F6}.Debug|Any CPU.Build.0 = Debug|Any CPU
		{667B2D3B-AAE5-4887-930E-DDA2A95165F6}.Release|Any CPU.ActiveCfg = Release|Any CPU
		{667B2D3B-AAE5-4887-930E-DDA2A95165F6}.Release|Any CPU.Build.0 = Release|Any CPU
	EndGlobalSection
	GlobalSection(SolutionProperties) = preSolution
		HideSolutionNode = FALSE
	EndGlobalSection
	GlobalSection(ExtensibilityGlobals) = postSolution
		SolutionGuid = {7F25510E-FF99-4935-B8A5-37FE68CB7981}
	EndGlobalSection
EndGlobal
